
Microsoft Visual Studio Solution File, Format Version 12.00
# Visual Studio Version 16
VisualStudioVersion = 16.0.29609.76
MinimumVisualStudioVersion = 10.0.40219.1
Project("{FAE04EC0-301F-11D3-BF4B-00C04F79EFBC}") = "Ofek", "Ofek\Ofek.csproj", "{94F47D93-6647-452B-90FD-D1A1AB517306}"
EndProject
Global
	GlobalSection(SolutionConfigurationPlatforms) = preSolution
		Debug|Any CPU = Debug|Any CPU
		Release|Any CPU = Release|Any CPU
	EndGlobalSection
	GlobalSection(ProjectConfigurationPlatforms) = postSolution
		{94F47D93-6647-452B-90FD-D1A1AB517306}.Debug|Any CPU.ActiveCfg = Debug|Any CPU
		{94F47D93-6647-452B-90FD-D1A1AB517306}.Debug|Any CPU.Build.0 = Debug|Any CPU
		{94F47D93-6647-452B-90FD-D1A1AB517306}.Release|Any CPU.ActiveCfg = Release|Any CPU
		{94F47D93-6647-452B-90FD-D1A1AB517306}.Release|Any CPU.Build.0 = Release|Any CPU
	EndGlobalSection
	GlobalSection(SolutionProperties) = preSolution
		HideSolutionNode = FALSE
	EndGlobalSection
	GlobalSection(ExtensibilityGlobals) = postSolution
		SolutionGuid = {7A6413ED-474B-47B0-BC80-4F7A57F0973C}
	EndGlobalSection
EndGlobal
